bitbucket.org/zombiezen/gopdf v0.0.0-20190421151423-ab3d04824694 h1:TUWYQH6K+Dw7sX+sXg4PEsYA3gRHojiIiEiuYOG/IbE=
bitbucket.org/zombiezen/gopdf v0.0.0-20190421151423-ab3d04824694/go.mod h1:JezjvVMsvjfGxwhQZueM4HjaWObQjJgh3AC2h+U4xag=
github.com/KarpelesLab/reflink v1.0.2 h1:hQ1aM3TmjU2kTNUx5p/HaobDoADYk+a6AuEinG4Cv88=
github.com/KarpelesLab/reflink v1.0.2/go.mod h1:WGkTOKNjd1FsJKBw3mu4JvrPEDJyJJ+JPtxBkbPoCok=
github.com/STARRY-S/zip v0.2.3 h1:luE4dMvRPDOWQdeDdUxUoZkzUIpTccdKdhHHsQJ1fm4=
github.com/STARRY-S/zip v0.2.3/go.mod h1:lqJ9JdeRipyOQJrYSOtpNAiaesFO6zVDsE8GIGFaoSk=
github.com/UNO-SOFT/ff/v4 v4.0.0-beta.1.us h1:9ae1G6L/Pgk1k0SpI8MZcYqKe+dTgpQ+R5sWKGqQVDI=
github.com/UNO-SOFT/ff/v4 v4.0.0-beta.1.us/go.mod h1:onQJUKipvCyFmZ1rIYwFAh1BhPOvftb1uhvSI7krNLc=
github.com/UNO-SOFT/filecache v0.4.0 h1:PzQ3UpPCkIzFnsilh6WcUVdWh5V8P53FlKbISmVNDI4=
github.com/UNO-SOFT/filecache v0.4.0/go.mod h1:phf3WyIQAv1T+e0ggT1g/eiOQ42fMnJaHRMmd6Unkpo=
github.com/UNO-SOFT/zlog v0.8.6 h1:Y+XCa9O3mr4xDLTkyT2Fod60FsywKlqAexsdV5JUypo=
github.com/UNO-SOFT/zlog v0.8.6/go.mod h1:ol94XTwk4pqVtBzcD/aiYh5+Lo+G2zF7izjMY7nWQBI=
github.com/VictoriaMetrics/metrics v1.38.0 h1:1d0dRgVH8Nnu8dKMfisKefPC3q7gqf3/odyO0quAvyA=
github.com/VictoriaMetrics/metrics v1.38.0/go.mod h1:r7hveu6xMdUACXvB8TYdAj8WEsKzWB0EkpJN+RDtOf8=
github.com/andybalholm/brotli v1.2.1 h1:R+f5xP285VArJDRgowrfb9DqL18yVK0gKAW/F+eTWro=
github.com/andybalholm/brotli v1.2.1/go.mod h1:rzTDkvFWvIrjDXZHkuS16NPggd91W3kUSvPlQ1pLaKY=
github.com/bodgit/plumbing v1.3.0 h1:pf9Itz1JOQgn7vEOE7v7nlEfBykYqvUYioC61TwWCFU=
github.com/bodgit/plumbing v1.3.0/go.mod h1:JOTb4XiRu5xfnmdnDJo6GmSbSbtSyufrsyZFByMtKEs=
github.com/bodgit/sevenzip v1.6.1 h1:kikg2pUMYC9ljU7W9SaqHXhym5HyKm8/M/jd31fYan4=
github.com/bodgit/sevenzip v1.6.1/go.mod h1:GVoYQbEVbOGT8n2pfqCIMRUaRjQ8F9oSqoBEqZh5fQ8=
github.com/bodgit/windows v1.0.1 h1:tF7K6KOluPYygXa3Z2594zxlkbKPAOvqr97etrGNIz4=
github.com/bodgit/windows v1.0.1/go.mod h1:a6JLwrB4KrTR5hBpp8FI9/9W9jJfeQ2h4XDXU74ZCdM=
github.com/carlos7ags/folio v0.9.0 h1:0HVRYMT5YR7cADyokv/kAqL/EabPix/Ip7UOmA6sqZs=
github.com/carlos7ags/folio v0.9.0/go.mod h1:CYvSTH5KqTyp+JPX2OIzWyOmcuI9v6IRiAbxVnSM86Q=
github.com/clipperhouse/uax29/v2 v2.7.0 h1:+gs4oBZ2gPfVrKPthwbMzWZDaAFPGYK72F0NJv2v7Vk=
github.com/clipperhouse/uax29/v2 v2.7.0/go.mod h1:EFJ2TJMRUaplDxHKj1qAEhCtQPW2tJSwu5BF98AuoVM=
github.com/coreos/go-systemd/v22 v22.5.0 h1:RrqgGjYQKalulkV8NGVIfkXQf6YYmOyiJKk8iXXhfZs=
github.com/coreos/go-systemd/v22 v22.5.0/go.mod h1:Y58oyj3AT4RCenI/lSvhwexgC+NSVTIJ3seZv2GcEnc=
github.com/davecgh/go-spew v1.1.0/go.mod h1:J7Y8YcW2NihsgmVo/mv3lAwl/skON4iLHjSsI+c5H38=
github.com/davecgh/go-spew v1.1.1 h1:vj9j/u1bqnvCEfJOwUhtlOARqs3+rkHYY13jYWTU97c=
github.com/davecgh/go-spew v1.1.1/go.mod h1:J7Y8YcW2NihsgmVo/mv3lAwl/skON4iLHjSsI+c5H38=
github.com/dgryski/go-linebreak v0.0.0-20180812204043-d8f37254e7d3 h1:/RVgXZkKAnmlRC/625cvago9x6ROe7fNj7cCdGc4ICw=
github.com/dgryski/go-linebreak v0.0.0-20180812204043-d8f37254e7d3/go.mod h1:FDHdQKtI1NtvxIYsG/y+ymRaIQIsp+LRSTGl7eBKQEU=
github.com/dsnet/compress v0.0.2-0.20230904184137-39efe44ab707 h1:2tV76y6Q9BB+NEBasnqvs7e49aEBFI8ejC89PSnWH+4=
github.com/dsnet/compress v0.0.2-0.20230904184137-39efe44ab707/go.mod h1:qssHWj60/X5sZFNxpG4HBPDHVqxNm4DfnCKgrbZOT+s=
github.com/dsnet/golib v0.0.0-20171103203638-1ea166775780/go.mod h1:Lj+Z9rebOhdfkVLjJ8T6VcRQv3SXugXy999NBtR9aFY=
github.com/frankban/quicktest v1.14.0 h1:+cqqvzZV87b4adx/5ayVOaYZ2CrvM4ejQvUdBzPPUss=
github.com/frankban/quicktest v1.14.0/go.mod h1:NeW+ay9A/U67EYXNFA1nPE8e/tnQv/09mUdL/ijj8og=
github.com/gabriel-vasile/mimetype v1.4.13 h1:46nXokslUBsAJE/wMsp5gtO500a4F3Nkz9Ufpk2AcUM=
github.com/gabriel-vasile/mimetype v1.4.13/go.mod h1:d+9Oxyo1wTzWdyVUPMmXFvp4F9tea18J8ufA774AB3s=
github.com/go-kit/kit v0.13.0 h1:OoneCcHKHQ03LfBpoQCUfCluwd2Vt3ohz+kvbJneZAU=
github.com/go-kit/kit v0.13.0/go.mod h1:phqEHMMUbyrCFCTgH48JueqrM3md2HcAZ8N3XE4FKDg=
github.com/go-kit/log v0.2.1 h1:MRVx0/zhvdseW+Gza6N9rVzU/IVzaeE1SFI4raAhmBU=
github.com/go-kit/log v0.2.1/go.mod h1:NwTd00d/i8cPZ3xOwwiv2PO5MOcx78fFErGNcVmBjv0=
github.com/go-logfmt/logfmt v0.6.0 h1:wGYYu3uicYdqXVgoYbvnkrPVXkuLM1p1ifugDMEdRi4=
github.com/go-logfmt/logfmt v0.6.0/go.mod h1:WYhtIu8zTZfxdn5+rREduYbwxfcBr/Vr6KEVveWlfTs=
github.com/go-logr/logr v1.4.3 h1:CjnDlHq8ikf6E492q6eKboGOC0T8CDaOvkHCIg8idEI=
github.com/go-logr/logr v1.4.3/go.mod h1:9T104GzyrTigFIr8wt5mBrctHMim0Nb2HLGrmQ40KvY=
github.com/go-logr/zerologr v1.2.3 h1:up5N9vcH9Xck3jJkXzgyOxozT14R47IyDODz8LM1KSs=
github.com/go-logr/zerologr v1.2.3/go.mod h1:BxwGo7y5zgSHYR1BjbnHPyF/5ZjVKfKxAZANVu6E8Ho=
github.com/go-quicktest/qt v1.101.0 h1:O1K29Txy5P2OK0dGo59b7b0LR6wKfIhttaAhHUyn7eI=
github.com/go-quicktest/qt v1.101.0/go.mod h1:14Bz/f7NwaXPtdYEgzsx46kqSxVwTbzVZsDC26tQJow=
github.com/godbus/dbus/v5 v5.0.4/go.mod h1:xhWf0FNVPg57R7Z0UbKHbJfkEywrmjJnf7w5xrFpKfA=
github.com/google/go-cmp v0.5.5/go.mod h1:v8dTdLbMG2kIc/vJvl+f65V22dbkXbowE6jgT/gNBxE=
github.com/google/go-cmp v0.7.0 h1:wk8382ETsv4JYUZwIsn6YpYiWiBsYLSJiTsyBybVuN8=
github.com/google/go-cmp v0.7.0/go.mod h1:pXiqmnSA92OHEEa9HXL2W4E7lf9JzCmGVUdgjX3N/iU=
github.com/google/gofuzz v1.2.0 h1:xRy4A+RhZaiKjJ1bPfwQ8sedCA+YS2YcCHW6ec7JMi0=
github.com/google/gofuzz v1.2.0/go.mod h1:dBl0BpW6vV/+mYPU4Po3pmUjxk6FQPldtuIdl/M65Eg=
github.com/google/renameio v1.0.1 h1:Lh/jXZmvZxb0BBeSY5VKEfidcbcbenKjZFzM/q0fSeU=
github.com/google/renameio v1.0.1/go.mod h1:t/HQoYBZSsWSNK35C6CO/TpPLDVWvxOHboWUAweKUpk=
github.com/google/renameio/v2 v2.0.2 h1:qKZs+tfn+arruZZhQ7TKC/ergJunuJicWS6gLDt/dGw=
github.com/google/renameio/v2 v2.0.2/go.mod h1:OX+G6WHHpHq3NVj7cAOleLOwJfcQ1s3uUJQCrr78SWo=
github.com/hashicorp/golang-lru/v2 v2.0.7 h1:a+bsQ5rvGLjzHuww6tVxozPZFVghXaHOwFs4luLUK2k=
github.com/hashicorp/golang-lru/v2 v2.0.7/go.mod h1:QeFd9opnmA6QUJc5vARoKUSoFhyfM2/ZepoAG6RGpeM=
github.com/hhrutter/lzw v1.0.0 h1:laL89Llp86W3rRs83LvKbwYRx6INE8gDn0XNb1oXtm0=
github.com/hhrutter/lzw v1.0.0/go.mod h1:2HC6DJSn/n6iAZfgM3Pg+cP1KxeWc3ezG8bBqW5+WEo=
github.com/hhrutter/pkcs7 v0.2.2 h1:xMoifoVWah1LNym3C0pomEiLmyJyVIBXt/8oTPyPz+8=
github.com/hhrutter/pkcs7 v0.2.2/go.mod h1:aEzKz0+ZAlz7YaEMY47jDHL14hVWD6iXt0AgqgAvWgE=
github.com/hhrutter/tiff v1.0.3 h1:POV5xITOE1Lt5FvP24ylft0LyCmHmc8GkJ1SVlvUyk0=
github.com/hhrutter/tiff v1.0.3/go.mod h1:zZDLVY4cp9za2FLrryAaGszwWYAUM6DrRiBR0l//mxA=
github.com/kardianos/osext v0.0.0-20190222173326-2bc1f35cddc0 h1:iQTw/8FWTuc7uiaSepXwyf3o52HaUYcV+Tu66S3F5GA=
github.com/kardianos/osext v0.0.0-20190222173326-2bc1f35cddc0/go.mod h1:1NbS8ALrpOvjt0rHPNLyCIeMtbizbir8U//inJ+zuB8=
github.com/kardianos/service v1.2.2 h1:ZvePhAHfvo0A7Mftk/tEzqEZ7Q4lgnR8sGz4xu1YX60=
github.com/kardianos/service v1.2.2/go.mod h1:CIMRFEJVL+0DS1a3Nx06NaMn4Dz63Ng6O7dl0qH0zVM=
github.com/klauspost/compress v1.4.1/go.mod h1:RyIbtBH6LamlWaDj8nUwkbUhJ87Yi3uG0guNDohfE1A=
github.com/klauspost/compress v1.18.5 h1:/h1gH5Ce+VWNLSWqPzOVn6XBO+vJbCNGvjoaGBFW2IE=
github.com/klauspost/compress v1.18.5/go.mod h1:cwPg85FWrGar70rWktvGQj8/hthj3wpl0PGDogxkrSQ=
github.com/klauspost/cpuid v1.2.0/go.mod h1:Pj4uuM528wm8OyEC2QMXAi2YiTZ96dNQPGgoMS4s3ek=
github.com/klauspost/pgzip v1.2.6 h1:8RXeL5crjEUFnR2/Sn6GJNWtSQ3Dk8pq4CL3jvdDyjU=
github.com/klauspost/pgzip v1.2.6/go.mod h1:Ch1tH69qFZu15pkjo5kYi6mth2Zzwzt50oCQKQE9RUs=
github.com/kr/pretty v0.3.1 h1:flRD4NNwYAUpkphVc1HcthR4KEIFJ65n8Mw5qdRn3LE=
github.com/kr/pretty v0.3.1/go.mod h1:hoEshYVHaxMs3cyo3Yncou5ZscifuDolrwPKZanG3xk=
github.com/kr/text v0.2.0 h1:5Nx0Ya0ZqY2ygV366QzturHI13Jq95ApcVaJBhpS+AY=
github.com/kr/text v0.2.0/go.mod h1:eLer722TekiGuMkidMxC/pM04lWEeraHUUmBw8l2grE=
github.com/kylelemons/godebug v1.1.0 h1:RPNrshWIDI6G2gRW9EHilWtl7Z6Sb1BR0xunSBf0SNc=
github.com/kylelemons/godebug v1.1.0/go.mod h1:9/0rRGxNHcop5bhtWyNeEfOS8JIWk580+fNqagV/RAw=
github.com/mattn/go-colorable v0.1.13 h1:fFA4WZxdEF4tXPZVKMLwD8oUnCTTo08duU7wxecdEvA=
github.com/mattn/go-colorable v0.1.13/go.mod h1:7S9/ev0klgBDR4GtXTXX8a3vIGJpMovkB8vQcUbaXHg=
github.com/mattn/go-isatty v0.0.20 h1:xfD0iDuEKnDkl03q4limB+vH+GxLEtL/jb4xVJSWWEY=
github.com/mattn/go-isatty v0.0.20/go.mod h1:W+V8PltTTMOvKvAeJH7IuucS94S2C6jfK/D7dTCTo3Y=
github.com/mattn/go-runewidth v0.0.24 h1:cpokDiIn0MGnhdHwuWnJBITySJ20QyNGnY2kR/ay2DU=
github.com/mattn/go-runewidth v0.0.24/go.mod h1:XBkDxAl56ILZc9knddidhrOlY5R/pDhgLpndooCuJAs=
github.com/mholt/archives v0.1.5 h1:Fh2hl1j7VEhc6DZs2DLMgiBNChUux154a1G+2esNvzQ=
github.com/mholt/archives v0.1.5/go.mod h1:3TPMmBLPsgszL+1As5zECTuKwKvIfj6YcwWPpeTAXF4=
github.com/mikelolasagasti/xz v1.0.1 h1:Q2F2jX0RYJUG3+WsM+FJknv+6eVjsjXNDV0KJXZzkD0=
github.com/mikelolasagasti/xz v1.0.1/go.mod h1:muAirjiOUxPRXwm9HdDtB3uoRPrGnL85XHtokL9Hcgc=
github.com/minio/minlz v1.1.1 h1:OGmft1V6AnI/Wme332U6bhG54nxEan+VFgkD7lat4KM=
github.com/minio/minlz v1.1.1/go.mod h1:qT0aEB35q79LLornSzeDH75LBf3aH1MV+jB5w9Wasec=
github.com/nwaples/rardecode/v2 v2.2.2 h1:/5oL8dzYivRM/tqX9VcTSWfbpwcbwKG1QtSJr3b3KcU=
github.com/nwaples/rardecode/v2 v2.2.2/go.mod h1:7uz379lSxPe6j9nvzxUZ+n7mnJNgjsRNb6IbvGVHRmw=
github.com/oklog/ulid/v2 v2.1.1 h1:suPZ4ARWLOJLegGFiZZ1dFAkqzhMjL3J1TzI+5wHz8s=
github.com/oklog/ulid/v2 v2.1.1/go.mod h1:rcEKHmBBKfef9DhnvX7y1HZBYxjXb0cP5ExxNsTT1QQ=
github.com/pborman/getopt v0.0.0-20170112200414-7148bc3a4c30/go.mod h1:85jBQOZwpVEaDAr341tbn15RS4fCAsIst0qp7i8ex1o=
github.com/pdfcpu/pdfcpu v0.12.1 h1:HwoN72zJCj+pPbfMDChYBTZrT7SY0VwgUzqeaId3I20=
github.com/pdfcpu/pdfcpu v0.12.1/go.mod h1:7KPpVLMavcpliPrtN6o7Kuk3cFtYq8nii3SJnnsK7ps=
github.com/pelletier/go-toml v1.9.5 h1:4yBQzkHv+7BHq2PQUZF3Mx0IYxG7LsP222s7Agd3ve8=
github.com/pelletier/go-toml v1.9.5/go.mod h1:u1nR/EPcESfeI/szUZKdtJ0xRNbUoANCkoOuaOx1Y+c=
github.com/pelletier/go-toml/v2 v2.0.9 h1:uH2qQXheeefCCkuBBSLi7jCiSmj3VRh2+Goq2N7Xxu0=
github.com/pelletier/go-toml/v2 v2.0.9/go.mod h1:tJU2Z3ZkXwnxa4DPO899bsyIoywizdUvyaeZurnPPDc=
github.com/pierrec/lz4/v4 v4.1.26 h1:GrpZw1gZttORinvzBdXPUXATeqlJjqUG/D87TKMnhjY=
github.com/pierrec/lz4/v4 v4.1.26/go.mod h1:EoQMVJgeeEOMsCqCzqFm2O0cJvljX2nGZjcRIPL34O4=
github.com/pkg/errors v0.9.1 h1:FEBLx1zS214owpjy7qsBeixbURkuhQAwrK5UwLGTwt4=
github.com/pkg/errors v0.9.1/go.mod h1:bwawxfHBFNV+L2hUp1rHADufV3IMtnDRdf1r5NINEl0=
github.com/pmezard/go-difflib v1.0.0 h1:4DBwDE0NGyQoBHbLQYPwSUPoCMWR5BEzIk/f1lZbAQM=
github.com/pmezard/go-difflib v1.0.0/go.mod h1:iKH77koFhYxTK1pcRnkKkqfTogsbg7gZNVY4sRDYZ/4=
github.com/rogpeppe/go-internal v1.14.1 h1:UQB4HGPB6osV0SQTLymcB4TgvyWu6ZyliaW0tI/otEQ=
github.com/rogpeppe/go-internal v1.14.1/go.mod h1:MaRKkUm5W0goXpeCfT7UZI6fk/L7L7so1lCWt35ZSgc=
github.com/rogpeppe/retry v0.1.0 h1:6km4oqeZcFrnhx+PCPg/YxV3fnTdROBNVlSl8Pe/ztU=
github.com/rogpeppe/retry v0.1.0/go.mod h1:/PtRtl9qXn+Pv5S4wN+Y5nusihQeI1PJ9U7KDcKzuvI=
github.com/rs/zerolog v1.31.0 h1:FcTR3NnLWW+NnTwwhFWiJSZr4ECLpqCm6QsEnyvbV4A=
github.com/rs/zerolog v1.31.0/go.mod h1:/7mN4D5sKwJLZQ2b/znpjC3/GQWY/xaDXUM0kKWRHss=
github.com/secure-systems-lab/go-securesystemslib v0.9.0 h1:rf1HIbL64nUpEIZnjLZ3mcNEL9NBPB0iuVjyxvq3LZc=
github.com/secure-systems-lab/go-securesystemslib v0.9.0/go.mod h1:DVHKMcZ+V4/woA/peqr+L0joiRXbPpQ042GgJckkFgw=
github.com/sloonz/go-qprintable v0.0.0-20210417175225-715103f9e6eb h1:T+USeSgAg9MysHPeOQ2W3KAuBQHVZzG0XMHyfHN88Yg=
github.com/sloonz/go-qprintable v0.0.0-20210417175225-715103f9e6eb/go.mod h1:WKd1iQMtoZdaS9rlKDPprxWJoan2hkQA9BcGt+oxezs=
github.com/sorairolake/lzip-go v0.3.8 h1:j5Q2313INdTA80ureWYRhX+1K78mUXfMoPZCw/ivWik=
github.com/sorairolake/lzip-go v0.3.8/go.mod h1:JcBqGMV0frlxwrsE9sMWXDjqn3EeVf0/54YPsw66qkU=
github.com/spf13/afero v1.15.0 h1:b/YBCLWAJdFWJTN9cLhiXXcD7mzKn9Dm86dNnfyQw1I=
github.com/spf13/afero v1.15.0/go.mod h1:NC2ByUVxtQs4b3sIUphxK0NioZnmxgyCrfzeuq8lxMg=
github.com/stretchr/objx v0.1.0/go.mod h1:HFkY916IF+rwdDfMAkV7OtwuqBVzrE8GR6GFx+wExME=
github.com/stretchr/objx v0.4.0/go.mod h1:YvHI0jy2hoMjB+UWwv71VJQ9isScKT/TqJzVSSt89Yw=
github.com/stretchr/objx v0.5.0/go.mod h1:Yh+to48EsGEfYuaHDzXPcE3xhTkx73EhmCGUpEOglKo=
github.com/stretchr/objx v0.5.2 h1:xuMeJ0Sdp5ZMRXx/aWO6RZxdr3beISkG5/G/aIRr3pY=
github.com/stretchr/objx v0.5.2/go.mod h1:FRsXN1f5AsAjCGJKqEizvkpNtU+EGNCLh3NxZ/8L+MA=
github.com/stretchr/testify v1.7.1/go.mod h1:6Fq8oRcR53rry900zMqJjRRixrwX3KX962/h/Wwjteg=
github.com/stretchr/testify v1.8.0/go.mod h1:yNjHg4UonilssWZ8iaSj1OCr/vHnekPRkoO+kdMU+MU=
github.com/stretchr/testify v1.8.1/go.mod h1:w2LPCIKwWwSfY2zedu0+kehJoqGctiVI29o6fzry7u4=
github.com/stretchr/testify v1.10.0 h1:Xv5erBjTwe/5IxqUQTdXv5kgmIvbHo3QQyRwhJsOfJA=
github.com/stretchr/testify v1.10.0/go.mod h1:r2ic/lqez/lEtzL7wO/rwa5dbSLXVDPFyf8C91i36aY=
github.com/stvp/go-toml-config v0.0.0-20220807175811-1347a3c4169c h1:qqS5F61c0qT8mw9e/J50+SJj/gpzwCmGZy+S2sPHEQw=
github.com/stvp/go-toml-config v0.0.0-20220807175811-1347a3c4169c/go.mod h1:mSfXi8twSmH/vUuE3J+HRfI2fp8XmWxVhYsV+V6W1JY=
github.com/tgulacsi/go v0.29.1 h1:7OgkX15UywJD/j0mVpRKNgBN9gthHZX7mTxDJteq/N8=
github.com/tgulacsi/go v0.29.1/go.mod h1:AX+r623VbCPShh8ouPnQJ7VjpVFrrPGL/vZzk2zf0Kk=
github.com/tgulacsi/go v0.29.2-0.20260602165714-1de57dec3521 h1:yts/ynlqkMYgERlryUuI4rij8uNS7P3wzh6dFwu2tM8=
github.com/tgulacsi/go v0.29.2-0.20260602165714-1de57dec3521/go.mod h1:AX+r623VbCPShh8ouPnQJ7VjpVFrrPGL/vZzk2zf0Kk=
github.com/tgulacsi/go v0.29.2 h1:YgJIQE6tdaMmAfdAylOLmyFJH6KhE5frRCvWPguviXk=
github.com/tgulacsi/go v0.29.2/go.mod h1:AX+r623VbCPShh8ouPnQJ7VjpVFrrPGL/vZzk2zf0Kk=
github.com/theupdateframework/go-tuf v0.7.0 h1:CqbQFrWo1ae3/I0UCblSbczevCCbS31Qvs5LdxRWqRI=
github.com/theupdateframework/go-tuf v0.7.0/go.mod h1:uEB7WSY+7ZIugK6R1hiBMBjQftaFzn7ZCDJcp1tCUug=
github.com/ulikunitz/xz v0.5.8/go.mod h1:nbz6k7qbPmH4IRqmfOplQw/tblSgqTqBwxkY0oWt/14=
github.com/ulikunitz/xz v0.5.15 h1:9DNdB5s+SgV3bQ2ApL10xRc35ck0DuIX/isZvIk+ubY=
github.com/ulikunitz/xz v0.5.15/go.mod h1:nbz6k7qbPmH4IRqmfOplQw/tblSgqTqBwxkY0oWt/14=
github.com/valyala/fastrand v1.1.0 h1:f+5HkLW4rsgzdNoleUOB69hyT9IlD2ZQh9GyDMfb5G8=
github.com/valyala/fastrand v1.1.0/go.mod h1:HWqCzkrkg6QXT8V2EXWvXCoow7vLwOFN002oeRzjapQ=
github.com/valyala/histogram v1.2.0 h1:wyYGAZZt3CpwUiIb9AU/Zbllg1llXyrtApRS815OLoQ=
github.com/valyala/histogram v1.2.0/go.mod h1:Hb4kBwb4UxsaNbbbh+RRz8ZR6pdodR57tzWUS3BUzXY=
github.com/xyproto/randomstring v1.0.5 h1:YtlWPoRdgMu3NZtP45drfy1GKoojuR7hmRcnhZqKjWU=
github.com/xyproto/randomstring v1.0.5/go.mod h1:rgmS5DeNXLivK7YprL0pY+lTuhNQW3iGxZ18UQApw/E=
github.com/zRedShift/mimemagic v1.2.0 h1:tfX2W91dg2wG8YyZAPmameP6q1YuuIw3TveWbc7NnAE=
github.com/zRedShift/mimemagic v1.2.0/go.mod h1:duzwAfYjsWttqB0a7CuXPvriYZ96ytLW0zMfMxDhXCY=
go4.org v0.0.0-20260112195520-a5071408f32f h1:ziUVAjmTPwQMBmYR1tbdRFJPtTcQUI12fH9QQjfb0Sw=
go4.org v0.0.0-20260112195520-a5071408f32f/go.mod h1:ZRJnO5ZI4zAwMFp+dS1+V6J6MSyAowhRqAE+DPa1Xp0=
golang.org/x/crypto v0.52.0 h1:RMs7fP2rXdep0CftQlK8Uf+kibLm7qkCcradZWYz988=
golang.org/x/crypto v0.52.0/go.mod h1:1QgfPxDqh0T2M/elOJtp9RvuR95kVjir0e6/BvEmGbc=
golang.org/x/exp v0.0.0-20260410095643-746e56fc9e2f h1:W3F4c+6OLc6H2lb//N1q4WpJkhzJCK5J6kUi1NTVXfM=
golang.org/x/exp v0.0.0-20260410095643-746e56fc9e2f/go.mod h1:J1xhfL/vlindoeF/aINzNzt2Bket5bjo9sdOYzOsU80=
golang.org/x/image v0.41.0 h1:8wS72eGJMJaBxK6okTzd4WaXumUlTVlb753MlsSvTCo=
golang.org/x/image v0.41.0/go.mod h1:uIc348UZMSvS5Z65CVZ7iDPaNobNFEPeJ4kbqTOszmA=
golang.org/x/mod v0.35.0 h1:Ww1D637e6Pg+Zb2KrWfHQUnH2dQRLBQyAtpr/haaJeM=
golang.org/x/mod v0.35.0/go.mod h1:+GwiRhIInF8wPm+4AoT6L0FA1QWAad3OMdTRx4tFYlU=
golang.org/x/net v0.0.0-20181017193950-04a2e542c03f/go.mod h1:mL1N/T3taQHkDXs73rZJwtUhF3w3ftmwwsq0BUmARs4=
golang.org/x/net v0.55.0 h1:bcvxaJn3e1U6InsFWt1JUq1aSjnRxLzT2rtD2KfkDF8=
golang.org/x/net v0.55.0/go.mod h1:L5U2KuzuOe1lY7Z+aWVIKK6qEeJXnXV9yzGA+WCHJww=
golang.org/x/sync v0.20.0 h1:e0PTpb7pjO8GAtTs2dQ6jYa5BWYlMuX047Dco/pItO4=
golang.org/x/sync v0.20.0/go.mod h1:9xrNwdLfx4jkKbNva9FpL6vEN7evnE43NNNJQ2LF3+0=
golang.org/x/sys v0.0.0-20201015000850-e3ed0017c211/go.mod h1:h1NjWce9XRLGQEsW7wpKNCjG9DtNlClVuFLEZdDNbEs=
golang.org/x/sys v0.45.0 h1:dO4czNzziLiiXplLQgBCEpCvXQ3dnkn0SdaZSYdQ+FY=
golang.org/x/sys v0.45.0/go.mod h1:4GL1E5IUh+htKOUEOaiffhrAeqysfVGipDYzABqnCmw=
golang.org/x/term v0.43.0 h1:S4RLU2sB31O/NCl+zFN9Aru9A/Cq2aqKpTZJ6B+DwT4=
golang.org/x/term v0.43.0/go.mod h1:lrhlHNdQJHO+1qVYiHfFKVuVioJIheAc3fBSMFYEIsk=
golang.org/x/text v0.3.0/go.mod h1:NqM8EUOU14njkJ3fqMW+pc6Ldnwhi/IjpwHt7yyuwOQ=
golang.org/x/text v0.37.0 h1:Cqjiwd9eSg8e0QAkyCaQTNHFIIzWtidPahFWR83rTrc=
golang.org/x/text v0.37.0/go.mod h1:a5sjxXGs9hsn/AJVwuElvCAo9v8QYLzvavO5z2PiM38=
golang.org/x/xerrors v0.0.0-20191204190536-9bdfabe68543/go.mod h1:I/5z698sn9Ka8TeJc9MKroUUfqBBauWjQqLJ2OPfmY0=
gopkg.in/check.v1 v0.0.0-20161208181325-20d25e280405/go.mod h1:Co6ibVJAznAaIkqp8huTwlJQCZ016jof/cbN4VW5Yz0=
gopkg.in/check.v1 v1.0.0-20201130134442-10cb98267c6c h1:Hei/4ADfdWqJk1ZMxUNpqntNwaWcugrBjAiHlqqRiVk=
gopkg.in/check.v1 v1.0.0-20201130134442-10cb98267c6c/go.mod h1:JHkPIbrfpd72SG/EVd6muEfDQjcINNoR0C8j2r3qZ4Q=
gopkg.in/yaml.v2 v2.4.0 h1:D8xgwECY7CYvx+Y2n4sBz93Jn9JRvxdiyyo8CTfuKaY=
gopkg.in/yaml.v2 v2.4.0/go.mod h1:RDklbk79AGWmwhnvt/jBztapEOGDOx6ZbXqjP6csGnQ=
gopkg.in/yaml.v3 v3.0.0-20200313102051-9f266ea9e77c/go.mod h1:K4uyk7z7BCEPqu6E+C64Yfv1cQ7kz7rIZviUmN+EgEM=
gopkg.in/yaml.v3 v3.0.1 h1:fxVm/GzAzEWqLHuvctI91KS9hhNmmWOoWu0XTYJS7CA=
gopkg.in/yaml.v3 v3.0.1/go.mod h1:K4uyk7z7BCEPqu6E+C64Yfv1cQ7kz7rIZviUmN+EgEM=
mvdan.cc/sh/v3 v3.13.1 h1:DP3TfgZhDkT7lerUdnp6PTGKyxxzz6T+cOlY/xEvfWk=
mvdan.cc/sh/v3 v3.13.1/go.mod h1:lXJ8SexMvEVcHCoDvAGLZgFJ9Wsm2sulmoNEXGhYZD0=
